
Microsoft Visual Studio Solution File, Format Version 11.00
# Visual C# Express 2010
Project("{FAE04EC0-301F-11D3-BF4B-00C04F79EFBC}") = "I2C_Demo", "I2C_Demo\I2C_Demo.csproj", "{89FEDF0E-BDAB-4221-A122-D92E80C91750}"
EndProject
Global
	GlobalSection(SolutionConfigurationPlatforms) = preSolution
		Debug|Any CPU = Debug|Any CPU
		Release|Any CPU = Release|Any CPU
	EndGlobalSection
	GlobalSection(ProjectConfigurationPlatforms) = postSolution
		{89FEDF0E-BDAB-4221-A122-D92E80C91750}.Debug|Any CPU.ActiveCfg = Debug|Any CPU
		{89FEDF0E-BDAB-4221-A122-D92E80C91750}.Debug|Any CPU.Build.0 = Debug|Any CPU
		{89FEDF0E-BDAB-4221-A122-D92E80C91750}.Debug|Any CPU.Deploy.0 = Debug|Any CPU
		{89FEDF0E-BDAB-4221-A122-D92E80C91750}.Release|Any CPU.ActiveCfg = Release|Any CPU
		{89FEDF0E-BDAB-4221-A122-D92E80C91750}.Release|Any CPU.Build.0 = Release|Any CPU
		{89FEDF0E-BDAB-4221-A122-D92E80C91750}.Release|Any CPU.Deploy.0 = Release|Any CPU
	EndGlobalSection
	GlobalSection(SolutionProperties) = preSolution
		HideSolutionNode = FALSE
	EndGlobalSection
EndGlobal
