
Microsoft Visual Studio Solution File, Format Version 11.00
# Visual Studio 2010
Project("{FAE04EC0-301F-11D3-BF4B-00C04F79EFBC}") = "Prototype.Xilinx.Uploader.SpiTester", "Prototype.Xilinx.Uploader.SpiTester\Prototype.Xilinx.Uploader.SpiTester.csproj", "{CCB12A0D-0DAF-4BE2-878A-B320E9625C52}"
EndProject
Project("{FAE04EC0-301F-11D3-BF4B-00C04F79EFBC}") = "Prototype.Xilinx.Uploader", "Prototype.Xilinx.Uploader\Prototype.Xilinx.Uploader.csproj", "{4EF59A62-BA92-40B9-B1B0-E88417E48341}"
EndProject
Project("{FAE04EC0-301F-11D3-BF4B-00C04F79EFBC}") = "Prototype.Xilinx", "Prototype.Xilinx\Prototype.Xilinx.csproj", "{AC671E13-9EDE-4A57-AE19-61FDE4F9FCA0}"
EndProject
Global
	GlobalSection(SolutionConfigurationPlatforms) = preSolution
		Debug|Any CPU = Debug|Any CPU
		Release|Any CPU = Release|Any CPU
	EndGlobalSection
	GlobalSection(ProjectConfigurationPlatforms) = postSolution
		{CCB12A0D-0DAF-4BE2-878A-B320E9625C52}.Debug|Any CPU.ActiveCfg = Debug|Any CPU
		{CCB12A0D-0DAF-4BE2-878A-B320E9625C52}.Debug|Any CPU.Build.0 = Debug|Any CPU
		{CCB12A0D-0DAF-4BE2-878A-B320E9625C52}.Debug|Any CPU.Deploy.0 = Debug|Any CPU
		{CCB12A0D-0DAF-4BE2-878A-B320E9625C52}.Release|Any CPU.ActiveCfg = Release|Any CPU
		{CCB12A0D-0DAF-4BE2-878A-B320E9625C52}.Release|Any CPU.Build.0 = Release|Any CPU
		{CCB12A0D-0DAF-4BE2-878A-B320E9625C52}.Release|Any CPU.Deploy.0 = Release|Any CPU
		{4EF59A62-BA92-40B9-B1B0-E88417E48341}.Debug|Any CPU.ActiveCfg = Debug|Any CPU
		{4EF59A62-BA92-40B9-B1B0-E88417E48341}.Debug|Any CPU.Build.0 = Debug|Any CPU
		{4EF59A62-BA92-40B9-B1B0-E88417E48341}.Release|Any CPU.ActiveCfg = Release|Any CPU
		{4EF59A62-BA92-40B9-B1B0-E88417E48341}.Release|Any CPU.Build.0 = Release|Any CPU
		{AC671E13-9EDE-4A57-AE19-61FDE4F9FCA0}.Debug|Any CPU.ActiveCfg = Debug|Any CPU
		{AC671E13-9EDE-4A57-AE19-61FDE4F9FCA0}.Debug|Any CPU.Build.0 = Debug|Any CPU
		{AC671E13-9EDE-4A57-AE19-61FDE4F9FCA0}.Release|Any CPU.ActiveCfg = Release|Any CPU
		{AC671E13-9EDE-4A57-AE19-61FDE4F9FCA0}.Release|Any CPU.Build.0 = Release|Any CPU
	EndGlobalSection
	GlobalSection(SolutionProperties) = preSolution
		HideSolutionNode = FALSE
	EndGlobalSection
EndGlobal
